# This file was autogenerated by uv via the following command:
#    uv pip compile --universal --python-version 3.11 --generate-hashes requirements-opentelemetry.txt -o requirements-opentelemetry.lock
opentelemetry-api==1.44.0 \
    --hash=sha256:67647e5e9566edcf421166fdf022b3537f818635daa852b289e34604dc6fb33a \
    --hash=sha256:94b98c893a91b88657eaac1e3ba89618cdb85be6918196705354f34728b2cdef
    # via
    #   -r requirements-opentelemetry.txt
    #   opentelemetry-sdk
    #   opentelemetry-semantic-conventions
opentelemetry-sdk==1.44.0 \
    --hash=sha256:cebe7f65dc12f26ead75c6064de12fd2a9052e5060c0272d402cfa203aae123b \
    --hash=sha256:df081c4c6bcfdb1211e3e86140376792643128a25f8d72d1d27675936e7e96ad
    # via -r requirements-opentelemetry.txt
opentelemetry-semantic-conventions==0.65b0 \
    --hash=sha256:1cacde7b0ad306f84c5ef08c3dbe1bbaf20165bba6f8bff43b670e555a086bcb \
    --hash=sha256:f9b2b81e9d5b64f11bc952075e7e9c7fb0aab075c7fd1c46d597f1b919852d60
    # via opentelemetry-sdk
typing-extensions==4.16.0 \
    --hash=sha256:481caa481374e813c1b176ada14e97f1f67a4539ce9cfeb3f350d78d6370c2e8 \
    --hash=sha256:dc983d19a509c94dba722ee6abd33940f7c05a89e243c47e907eb4db6f1a43e5
    # via
    #   opentelemetry-api
    #   opentelemetry-sdk
    #   opentelemetry-semantic-conventions
